<?xml version="1.0" encoding="utf-8"?>
<Project ToolsVersion="4.0" xmlns="http://schemas.microsoft.com/developer/msbuild/2003">
  <ItemGroup>
    <Filter Include="Framework">
      <UniqueIdentifier>{bb39bf17-c8e7-41ae-a71c-861395caf31b}</UniqueIdentifier>
    </Filter>
    <Filter Include="GameObject">
      <UniqueIdentifier>{be40d511-d425-4bbb-b0c9-b92ef7367b0c}</UniqueIdentifier>
    </Filter>
    <Filter Include="Framework\Debug">
      <UniqueIdentifier>{7170f666-b0c2-4826-9076-69a393e0386b}</UniqueIdentifier>
    </Filter>
    <Filter Include="Framework\Game">
      <UniqueIdentifier>{d243dc76-7374-4bda-b9f9-de26803d1d93}</UniqueIdentifier>
    </Filter>
    <Filter Include="Framework\GameObject">
      <UniqueIdentifier>{52d9af20-13cb-43f7-967c-cd2dda2c3c6c}</UniqueIdentifier>
    </Filter>
    <Filter Include="Framework\Sprites">
      <UniqueIdentifier>{e4ea80fa-7b18-4eef-ae89-0a301605f0b1}</UniqueIdentifier>
    </Filter>
    <Filter Include="Framework\Texttures">
      <UniqueIdentifier>{19cb29c4-b48b-4757-a168-e6c3e4227d0c}</UniqueIdentifier>
    </Filter>
    <Filter Include="Util">
      <UniqueIdentifier>{8b304c0f-2596-453d-849b-e9135106dd8e}</UniqueIdentifier>
    </Filter>
    <Filter Include="Framework\Map">
      <UniqueIdentifier>{698a8fe6-afc5-4049-bf80-f7c831770f1f}</UniqueIdentifier>
    </Filter>
    <Filter Include="Framework\Tile">
      <UniqueIdentifier>{785faa02-5b28-468f-bea6-210e5fd667bd}</UniqueIdentifier>
    </Filter>
    <Filter Include="Lib">
      <UniqueIdentifier>{949d0046-3103-477b-841f-e327728895cd}</UniqueIdentifier>
    </Filter>
    <Filter Include="Framework\Scenes">
      <UniqueIdentifier>{2ba24a7b-7160-478b-8044-915f80fa3bd6}</UniqueIdentifier>
    </Filter>
    <Filter Include="Framework\Keyboard">
      <UniqueIdentifier>{5b862792-cbe3-44b0-a019-0788868b9a77}</UniqueIdentifier>
    </Filter>
    <Filter Include="GameObject\Weapon">
      <UniqueIdentifier>{02249829-d08c-4c54-a0fb-fd7656d41357}</UniqueIdentifier>
    </Filter>
    <Filter Include="GameObject\Item">
      <UniqueIdentifier>{957df576-9787-4a26-a20a-7a16a032dc8a}</UniqueIdentifier>
    </Filter>
    <Filter Include="GameObject\Ground">
      <UniqueIdentifier>{e78991b9-d8ce-463d-a520-1092b3a160ee}</UniqueIdentifier>
    </Filter>
    <Filter Include="GameObject\Enemy">
      <UniqueIdentifier>{30591c3f-1fea-408f-a1f6-35b1229ec7e8}</UniqueIdentifier>
    </Filter>
    <Filter Include="GameObject\Player">
      <UniqueIdentifier>{cc45f234-3455-4465-9334-5d9d9ae430be}</UniqueIdentifier>
    </Filter>
    <Filter Include="GameObject\Effect">
      <UniqueIdentifier>{9c0e1092-e0cf-48e4-8d03-275b6c242a70}</UniqueIdentifier>
    </Filter>
  </ItemGroup>
  <ItemGroup>
    <ClInclude Include="debug.h">
      <Filter>Framework\Debug</Filter>
    </ClInclude>
    <ClInclude Include="Game.h">
      <Filter>Framework\Game</Filter>
    </ClInclude>
    <ClInclude Include="GameObject.h">
      <Filter>Framework\GameObject</Filter>
    </ClInclude>
    <ClInclude Include="Sprites.h">
      <Filter>Framework\Sprites</Filter>
    </ClInclude>
    <ClInclude Include="Textures.h">
      <Filter>Framework\Texttures</Filter>
    </ClInclude>
    <ClInclude Include="Tile.h">
      <Filter>Framework\Tile</Filter>
    </ClInclude>
    <ClInclude Include="Constants.h">
      <Filter>Util</Filter>
    </ClInclude>
    <ClInclude Include="resource.h">
      <Filter>Util</Filter>
    </ClInclude>
    <ClInclude Include="resource1.h" />
    <ClInclude Include="tinystr.h">
      <Filter>Lib</Filter>
    </ClInclude>
    <ClInclude Include="tinyxml.h">
      <Filter>Lib</Filter>
    </ClInclude>
    <ClInclude Include="Scenes.h">
      <Filter>Framework\Scenes</Filter>
    </ClInclude>
    <ClInclude Include="SceneGame.h">
      <Filter>Framework\Scenes</Filter>
    </ClInclude>
    <ClInclude Include="Keyboard.h">
      <Filter>Framework\Keyboard</Filter>
    </ClInclude>
    <ClInclude Include="Maps.h">
      <Filter>Framework\Map</Filter>
    </ClInclude>
    <ClInclude Include="Weapon.h">
      <Filter>GameObject\Weapon</Filter>
    </ClInclude>
    <ClInclude Include="Brick.h">
      <Filter>GameObject\Ground</Filter>
    </ClInclude>
    <ClInclude Include="Candles.h">
      <Filter>GameObject\Ground</Filter>
    </ClInclude>
    <ClInclude Include="Hidden.h">
      <Filter>GameObject\Ground</Filter>
    </ClInclude>
    <ClInclude Include="Goomba.h">
      <Filter>GameObject\Enemy</Filter>
    </ClInclude>
    <ClInclude Include="Items.h">
      <Filter>GameObject\Item</Filter>
    </ClInclude>
    <ClInclude Include="SmallCandle.h">
      <Filter>GameObject\Ground</Filter>
    </ClInclude>
    <ClInclude Include="Simon.h">
      <Filter>GameObject\Player</Filter>
    </ClInclude>
    <ClInclude Include="Whip.h">
      <Filter>GameObject\Weapon</Filter>
    </ClInclude>
    <ClInclude Include="DaggerItem.h">
      <Filter>GameObject\Item</Filter>
    </ClInclude>
    <ClInclude Include="LargeHeart.h">
      <Filter>GameObject\Item</Filter>
    </ClInclude>
    <ClInclude Include="WhipUpgrade.h">
      <Filter>GameObject\Item</Filter>
    </ClInclude>
    <ClInclude Include="Ground.h">
      <Filter>GameObject\Ground</Filter>
    </ClInclude>
    <ClInclude Include="Effect.h">
      <Filter>GameObject\Effect</Filter>
    </ClInclude>
    <ClInclude Include="Fire.h">
      <Filter>GameObject\Effect</Filter>
    </ClInclude>
    <ClInclude Include="Dagger.h">
      <Filter>GameObject\Weapon</Filter>
    </ClInclude>
    <ClInclude Include="Ghost.h">
      <Filter>GameObject\Enemy</Filter>
    </ClInclude>
    <ClInclude Include="SmallHeart.h">
      <Filter>GameObject\Item</Filter>
    </ClInclude>
    <ClInclude Include="Money.h">
      <Filter>GameObject\Item</Filter>
    </ClInclude>
    <ClInclude Include="StopWatch.h">
      <Filter>GameObject\Item</Filter>
    </ClInclude>
    <ClInclude Include="Cross.h">
      <Filter>GameObject\Item</Filter>
    </ClInclude>
    <ClInclude Include="PotRoast.h">
      <Filter>GameObject\Item</Filter>
    </ClInclude>
    <ClInclude Include="MonneyEffect.h">
      <Filter>GameObject\Effect</Filter>
    </ClInclude>
    <ClInclude Include="StairPoint.h">
      <Filter>GameObject\Ground</Filter>
    </ClInclude>
    <ClInclude Include="Door.h">
      <Filter>GameObject\Ground</Filter>
    </ClInclude>
    <ClInclude Include="HolyWaterItem.h">
      <Filter>GameObject\Item</Filter>
    </ClInclude>
    <ClInclude Include="HolyWater.h">
      <Filter>GameObject\Weapon</Filter>
    </ClInclude>
    <ClInclude Include="Bat.h">
      <Filter>GameObject\Enemy</Filter>
    </ClInclude>
    <ClInclude Include="FireBall.h">
      <Filter>GameObject\Weapon</Filter>
    </ClInclude>
    <ClInclude Include="FishMen.h">
      <Filter>GameObject\Enemy</Filter>
    </ClInclude>
  </ItemGroup>
  <ItemGroup>
    <ClCompile Include="main.cpp" />
    <ClCompile Include="debug.cpp">
      <Filter>Framework\Debug</Filter>
    </ClCompile>
    <ClCompile Include="Game.cpp">
      <Filter>Framework\Game</Filter>
    </ClCompile>
    <ClCompile Include="GameObject.cpp">
      <Filter>Framework\GameObject</Filter>
    </ClCompile>
    <ClCompile Include="Sprites.cpp">
      <Filter>Framework\Sprites</Filter>
    </ClCompile>
    <ClCompile Include="Textures.cpp">
      <Filter>Framework\Texttures</Filter>
    </ClCompile>
    <ClCompile Include="Tile.cpp">
      <Filter>Framework\Tile</Filter>
    </ClCompile>
    <ClCompile Include="tinystr.cpp">
      <Filter>Lib</Filter>
    </ClCompile>
    <ClCompile Include="tinyxml.cpp">
      <Filter>Lib</Filter>
    </ClCompile>
    <ClCompile Include="tinyxmlerror.cpp">
      <Filter>Lib</Filter>
    </ClCompile>
    <ClCompile Include="tinyxmlparser.cpp">
      <Filter>Lib</Filter>
    </ClCompile>
    <ClCompile Include="Scenes.cpp">
      <Filter>Framework\Scenes</Filter>
    </ClCompile>
    <ClCompile Include="SceneGame.cpp">
      <Filter>Framework\Scenes</Filter>
    </ClCompile>
    <ClCompile Include="Keyboard.cpp">
      <Filter>Framework\Keyboard</Filter>
    </ClCompile>
    <ClCompile Include="Maps.cpp">
      <Filter>Framework\Map</Filter>
    </ClCompile>
    <ClCompile Include="Weapon.cpp">
      <Filter>GameObject\Weapon</Filter>
    </ClCompile>
    <ClCompile Include="Brick.cpp">
      <Filter>GameObject\Ground</Filter>
    </ClCompile>
    <ClCompile Include="Candles.cpp">
      <Filter>GameObject\Ground</Filter>
    </ClCompile>
    <ClCompile Include="Hidden.cpp">
      <Filter>GameObject\Ground</Filter>
    </ClCompile>
    <ClCompile Include="Goomba.cpp">
      <Filter>GameObject\Enemy</Filter>
    </ClCompile>
    <ClCompile Include="Items.cpp">
      <Filter>GameObject\Item</Filter>
    </ClCompile>
    <ClCompile Include="SmallCandle.cpp">
      <Filter>GameObject\Ground</Filter>
    </ClCompile>
    <ClCompile Include="Simon.cpp">
      <Filter>GameObject\Player</Filter>
    </ClCompile>
    <ClCompile Include="Whip.cpp">
      <Filter>GameObject\Weapon</Filter>
    </ClCompile>
    <ClCompile Include="DaggerItem.cpp">
      <Filter>GameObject\Item</Filter>
    </ClCompile>
    <ClCompile Include="LargeHeart.cpp">
      <Filter>GameObject\Item</Filter>
    </ClCompile>
    <ClCompile Include="WhipUpgrade.cpp">
      <Filter>GameObject\Item</Filter>
    </ClCompile>
    <ClCompile Include="Ground.cpp">
      <Filter>GameObject\Ground</Filter>
    </ClCompile>
    <ClCompile Include="Effect.cpp">
      <Filter>GameObject\Effect</Filter>
    </ClCompile>
    <ClCompile Include="Fire.cpp">
      <Filter>GameObject\Effect</Filter>
    </ClCompile>
    <ClCompile Include="Dagger.cpp">
      <Filter>GameObject\Weapon</Filter>
    </ClCompile>
    <ClCompile Include="Ghost.cpp">
      <Filter>GameObject\Enemy</Filter>
    </ClCompile>
    <ClCompile Include="SmallHeart.cpp">
      <Filter>GameObject\Item</Filter>
    </ClCompile>
    <ClCompile Include="Money.cpp">
      <Filter>GameObject\Item</Filter>
    </ClCompile>
    <ClCompile Include="StopWatch.cpp">
      <Filter>GameObject\Item</Filter>
    </ClCompile>
    <ClCompile Include="Cross.cpp">
      <Filter>GameObject\Item</Filter>
    </ClCompile>
    <ClCompile Include="PotRoast.cpp">
      <Filter>GameObject\Item</Filter>
    </ClCompile>
    <ClCompile Include="MonneyEffect.cpp">
      <Filter>GameObject\Effect</Filter>
    </ClCompile>
    <ClCompile Include="StairPoint.cpp">
      <Filter>GameObject\Ground</Filter>
    </ClCompile>
    <ClCompile Include="Door.cpp">
      <Filter>GameObject\Ground</Filter>
    </ClCompile>
    <ClCompile Include="HolyWaterItem.cpp">
      <Filter>GameObject\Item</Filter>
    </ClCompile>
    <ClCompile Include="HolyWater.cpp">
      <Filter>GameObject\Weapon</Filter>
    </ClCompile>
    <ClCompile Include="Bat.cpp">
      <Filter>GameObject\Enemy</Filter>
    </ClCompile>
    <ClCompile Include="FireBall.cpp">
      <Filter>GameObject\Weapon</Filter>
    </ClCompile>
    <ClCompile Include="FishMen.cpp">
      <Filter>GameObject\Enemy</Filter>
    </ClCompile>
  </ItemGroup>
  <ItemGroup>
    <ResourceCompile Include="CastleVania1.rc" />
  </ItemGroup>
</Project>